
Microsoft Visual Studio Solution File, Format Version 12.00
# Visual Studio Version 17
VisualStudioVersion = 17.2.32616.157
MinimumVisualStudioVersion = 10.0.40219.1
Project("{FAE04EC0-301F-11D3-BF4B-00C04F79EFBC}") = "Education.Domain", "Education.Domain\Education.Domain.csproj", "{67D3A49A-E6AE-40FF-9C63-B69E026A3E83}"
EndProject
Project("{FAE04EC0-301F-11D3-BF4B-00C04F79EFBC}") = "Education.Persistence", "Education.Persistence\Education.Persistence.csproj", "{D1505ABC-19C1-429B-8F3F-945AEFC71ECA}"
EndProject
Project("{FAE04EC0-301F-11D3-BF4B-00C04F79EFBC}") = "Education.Application", "Education.Application\Education.Application.csproj", "{160A04B5-38E6-45C5-AE8B-0D9A806EC002}"
EndProject
Project("{FAE04EC0-301F-11D3-BF4B-00C04F79EFBC}") = "Education.Api", "Education.Api\Education.Api.csproj", "{474B08FA-6843-4D49-82C2-0885614F9891}"
EndProject
Global
	GlobalSection(SolutionConfigurationPlatforms) = preSolution
		Debug|Any CPU = Debug|Any CPU
		Release|Any CPU = Release|Any CPU
	EndGlobalSection
	GlobalSection(ProjectConfigurationPlatforms) = postSolution
		{67D3A49A-E6AE-40FF-9C63-B69E026A3E83}.Debug|Any CPU.ActiveCfg = Debug|Any CPU
		{67D3A49A-E6AE-40FF-9C63-B69E026A3E83}.Debug|Any CPU.Build.0 = Debug|Any CPU
		{67D3A49A-E6AE-40FF-9C63-B69E026A3E83}.Release|Any CPU.ActiveCfg = Release|Any CPU
		{67D3A49A-E6AE-40FF-9C63-B69E026A3E83}.Release|Any CPU.Build.0 = Release|Any CPU
		{D1505ABC-19C1-429B-8F3F-945AEFC71ECA}.Debug|Any CPU.ActiveCfg = Debug|Any CPU
		{D1505ABC-19C1-429B-8F3F-945AEFC71ECA}.Debug|Any CPU.Build.0 = Debug|Any CPU
		{D1505ABC-19C1-429B-8F3F-945AEFC71ECA}.Release|Any CPU.ActiveCfg = Release|Any CPU
		{D1505ABC-19C1-429B-8F3F-945AEFC71ECA}.Release|Any CPU.Build.0 = Release|Any CPU
		{160A04B5-38E6-45C5-AE8B-0D9A806EC002}.Debug|Any CPU.ActiveCfg = Debug|Any CPU
		{160A04B5-38E6-45C5-AE8B-0D9A806EC002}.Debug|Any CPU.Build.0 = Debug|Any CPU
		{160A04B5-38E6-45C5-AE8B-0D9A806EC002}.Release|Any CPU.ActiveCfg = Release|Any CPU
		{160A04B5-38E6-45C5-AE8B-0D9A806EC002}.Release|Any CPU.Build.0 = Release|Any CPU
		{474B08FA-6843-4D49-82C2-0885614F9891}.Debug|Any CPU.ActiveCfg = Debug|Any CPU
		{474B08FA-6843-4D49-82C2-0885614F9891}.Debug|Any CPU.Build.0 = Debug|Any CPU
		{474B08FA-6843-4D49-82C2-0885614F9891}.Release|Any CPU.ActiveCfg = Release|Any CPU
		{474B08FA-6843-4D49-82C2-0885614F9891}.Release|Any CPU.Build.0 = Release|Any CPU
	EndGlobalSection
	GlobalSection(SolutionProperties) = preSolution
		HideSolutionNode = FALSE
	EndGlobalSection
	GlobalSection(ExtensibilityGlobals) = postSolution
		SolutionGuid = {6BB0626F-0966-445E-A1C1-877E9F7DCAF4}
	EndGlobalSection
EndGlobal
